
Microsoft Visual Studio Solution File, Format Version 11.00
# Visual Studio 2010
# SharpDevelop 5.1
Project("{FAE04EC0-301F-11D3-BF4B-00C04F79EFBC}") = "ProjetRestauration", "ProjetRestauration\ProjetRestauration.csproj", "{1B688FF0-ED3E-41E4-98A1-1589EBD9F98E}"
EndProject
Global
	GlobalSection(SolutionConfigurationPlatforms) = preSolution
		Debug|Any CPU = Debug|Any CPU
		Release|Any CPU = Release|Any CPU
	EndGlobalSection
	GlobalSection(ProjectConfigurationPlatforms) = postSolution
		{1B688FF0-ED3E-41E4-98A1-1589EBD9F98E}.Debug|Any CPU.ActiveCfg = Debug|Any CPU
		{1B688FF0-ED3E-41E4-98A1-1589EBD9F98E}.Debug|Any CPU.Build.0 = Debug|Any CPU
		{1B688FF0-ED3E-41E4-98A1-1589EBD9F98E}.Release|Any CPU.ActiveCfg = Release|Any CPU
		{1B688FF0-ED3E-41E4-98A1-1589EBD9F98E}.Release|Any CPU.Build.0 = Release|Any CPU
	EndGlobalSection
EndGlobal
